
Microsoft Visual Studio Solution File, Format Version 12.00
# Visual Studio Version 17
VisualStudioVersion = 17.0.31919.166
MinimumVisualStudioVersion = 10.0.40219.1
Project("{9A19103F-16F7-4668-BE54-9A1E7A4F7556}") = "Gunslinger", "Engine\Gunslinger.csproj", "{FA134CF5-4509-41DD-8539-8AF265D73E5C}"
EndProject
Project("{9A19103F-16F7-4668-BE54-9A1E7A4F7556}") = "Tests", "Tests\Tests.csproj", "{17699E2C-FF09-4C2E-A343-E3BF0AFF68D5}"
EndProject
Project("{9A19103F-16F7-4668-BE54-9A1E7A4F7556}") = "CompositionRoot", "CompositionRoot\CompositionRoot.csproj", "{8BBC9740-6EBB-473D-94A0-60C26381FDEB}"
EndProject
Project("{9A19103F-16F7-4668-BE54-9A1E7A4F7556}") = "Gunslinger.Console", "Gunslinger.Console\Gunslinger.Console.csproj", "{26AB1573-33F1-4547-B396-CB9BCBD8D288}"
EndProject
Project("{FAE04EC0-301F-11D3-BF4B-00C04F79EFBC}") = "Common", "Common\Common.csproj", "{B54E29EB-B485-4055-BE6E-508208F25A0A}"
EndProject
Global
	GlobalSection(SolutionConfigurationPlatforms) = preSolution
		Debug|Any CPU = Debug|Any CPU
		Debug|x64 = Debug|x64
		Release|Any CPU = Release|Any CPU
		Release|x64 = Release|x64
	EndGlobalSection
	GlobalSection(ProjectConfigurationPlatforms) = postSolution
		{FA134CF5-4509-41DD-8539-8AF265D73E5C}.Debug|Any CPU.ActiveCfg = Debug|Any CPU
		{FA134CF5-4509-41DD-8539-8AF265D73E5C}.Debug|Any CPU.Build.0 = Debug|Any CPU
		{FA134CF5-4509-41DD-8539-8AF265D73E5C}.Debug|x64.ActiveCfg = Debug|x64
		{FA134CF5-4509-41DD-8539-8AF265D73E5C}.Debug|x64.Build.0 = Debug|x64
		{FA134CF5-4509-41DD-8539-8AF265D73E5C}.Release|Any CPU.ActiveCfg = Release|Any CPU
		{FA134CF5-4509-41DD-8539-8AF265D73E5C}.Release|Any CPU.Build.0 = Release|Any CPU
		{FA134CF5-4509-41DD-8539-8AF265D73E5C}.Release|x64.ActiveCfg = Release|x64
		{FA134CF5-4509-41DD-8539-8AF265D73E5C}.Release|x64.Build.0 = Release|x64
		{17699E2C-FF09-4C2E-A343-E3BF0AFF68D5}.Debug|Any CPU.ActiveCfg = Debug|Any CPU
		{17699E2C-FF09-4C2E-A343-E3BF0AFF68D5}.Debug|Any CPU.Build.0 = Debug|Any CPU
		{17699E2C-FF09-4C2E-A343-E3BF0AFF68D5}.Debug|x64.ActiveCfg = Debug|x64
		{17699E2C-FF09-4C2E-A343-E3BF0AFF68D5}.Debug|x64.Build.0 = Debug|x64
		{17699E2C-FF09-4C2E-A343-E3BF0AFF68D5}.Release|Any CPU.ActiveCfg = Release|Any CPU
		{17699E2C-FF09-4C2E-A343-E3BF0AFF68D5}.Release|Any CPU.Build.0 = Release|Any CPU
		{17699E2C-FF09-4C2E-A343-E3BF0AFF68D5}.Release|x64.ActiveCfg = Release|x64
		{17699E2C-FF09-4C2E-A343-E3BF0AFF68D5}.Release|x64.Build.0 = Release|x64
		{8BBC9740-6EBB-473D-94A0-60C26381FDEB}.Debug|Any CPU.ActiveCfg = Debug|Any CPU
		{8BBC9740-6EBB-473D-94A0-60C26381FDEB}.Debug|Any CPU.Build.0 = Debug|Any CPU
		{8BBC9740-6EBB-473D-94A0-60C26381FDEB}.Debug|x64.ActiveCfg = Debug|x64
		{8BBC9740-6EBB-473D-94A0-60C26381FDEB}.Debug|x64.Build.0 = Debug|x64
		{8BBC9740-6EBB-473D-94A0-60C26381FDEB}.Release|Any CPU.ActiveCfg = Release|Any CPU
		{8BBC9740-6EBB-473D-94A0-60C26381FDEB}.Release|Any CPU.Build.0 = Release|Any CPU
		{8BBC9740-6EBB-473D-94A0-60C26381FDEB}.Release|x64.ActiveCfg = Release|x64
		{8BBC9740-6EBB-473D-94A0-60C26381FDEB}.Release|x64.Build.0 = Release|x64
		{26AB1573-33F1-4547-B396-CB9BCBD8D288}.Debug|Any CPU.ActiveCfg = Debug|Any CPU
		{26AB1573-33F1-4547-B396-CB9BCBD8D288}.Debug|Any CPU.Build.0 = Debug|Any CPU
		{26AB1573-33F1-4547-B396-CB9BCBD8D288}.Debug|x64.ActiveCfg = Debug|x64
		{26AB1573-33F1-4547-B396-CB9BCBD8D288}.Debug|x64.Build.0 = Debug|x64
		{26AB1573-33F1-4547-B396-CB9BCBD8D288}.Release|Any CPU.ActiveCfg = Release|Any CPU
		{26AB1573-33F1-4547-B396-CB9BCBD8D288}.Release|Any CPU.Build.0 = Release|Any CPU
		{26AB1573-33F1-4547-B396-CB9BCBD8D288}.Release|x64.ActiveCfg = Release|x64
		{26AB1573-33F1-4547-B396-CB9BCBD8D288}.Release|x64.Build.0 = Release|x64
		{B54E29EB-B485-4055-BE6E-508208F25A0A}.Debug|Any CPU.ActiveCfg = Debug|Any CPU
		{B54E29EB-B485-4055-BE6E-508208F25A0A}.Debug|Any CPU.Build.0 = Debug|Any CPU
		{B54E29EB-B485-4055-BE6E-508208F25A0A}.Debug|x64.ActiveCfg = Debug|Any CPU
		{B54E29EB-B485-4055-BE6E-508208F25A0A}.Debug|x64.Build.0 = Debug|Any CPU
		{B54E29EB-B485-4055-BE6E-508208F25A0A}.Release|Any CPU.ActiveCfg = Release|Any CPU
		{B54E29EB-B485-4055-BE6E-508208F25A0A}.Release|Any CPU.Build.0 = Release|Any CPU
		{B54E29EB-B485-4055-BE6E-508208F25A0A}.Release|x64.ActiveCfg = Release|Any CPU
		{B54E29EB-B485-4055-BE6E-508208F25A0A}.Release|x64.Build.0 = Release|Any CPU
	EndGlobalSection
	GlobalSection(SolutionProperties) = preSolution
		HideSolutionNode = FALSE
	EndGlobalSection
	GlobalSection(ExtensibilityGlobals) = postSolution
		SolutionGuid = {769785CD-8051-4B27-8049-95DCAE46A83A}
	EndGlobalSection
EndGlobal
