
Microsoft Visual Studio Solution File, Format Version 12.00
# Visual Studio Version 16
VisualStudioVersion = 16.0.29409.12
MinimumVisualStudioVersion = 10.0.40219.1
Project("{9A19103F-16F7-4668-BE54-9A1E7A4F7556}") = "idi.sample.console", "idi.sample.console\idi.sample.console.csproj", "{4C7B962E-D1E7-47B6-8AD3-5521F4AD370E}"
EndProject
Project("{00D1A9C2-B5F0-4AF3-8072-F6C62B433612}") = "idi.sample.database", "idi.sample.database\idi.sample.database.sqlproj", "{E5A4ABAC-D5E3-4FFA-808B-A60058C7AA37}"
EndProject
Project("{9A19103F-16F7-4668-BE54-9A1E7A4F7556}") = "idi.sample.data", "idi.sample.data\idi.sample.data.csproj", "{4AA8A523-6058-4227-B217-0BA4C48141A2}"
EndProject
Project("{9A19103F-16F7-4668-BE54-9A1E7A4F7556}") = "idi.sample.business", "idi.sample.business\idi.sample.business.csproj", "{F25844CB-23FE-4C50-9DB6-269B1B264D18}"
EndProject
Project("{9A19103F-16F7-4668-BE54-9A1E7A4F7556}") = "idi.sample.test", "idi.sample.test\idi.sample.test.csproj", "{D6B57155-67E5-46CD-A0CF-8F838D3C8740}"
EndProject
Global
	GlobalSection(SolutionConfigurationPlatforms) = preSolution
		Debug|Any CPU = Debug|Any CPU
		Release|Any CPU = Release|Any CPU
	EndGlobalSection
	GlobalSection(ProjectConfigurationPlatforms) = postSolution
		{4C7B962E-D1E7-47B6-8AD3-5521F4AD370E}.Debug|Any CPU.ActiveCfg = Debug|Any CPU
		{4C7B962E-D1E7-47B6-8AD3-5521F4AD370E}.Debug|Any CPU.Build.0 = Debug|Any CPU
		{4C7B962E-D1E7-47B6-8AD3-5521F4AD370E}.Release|Any CPU.ActiveCfg = Release|Any CPU
		{4C7B962E-D1E7-47B6-8AD3-5521F4AD370E}.Release|Any CPU.Build.0 = Release|Any CPU
		{E5A4ABAC-D5E3-4FFA-808B-A60058C7AA37}.Debug|Any CPU.ActiveCfg = Debug|Any CPU
		{E5A4ABAC-D5E3-4FFA-808B-A60058C7AA37}.Debug|Any CPU.Build.0 = Debug|Any CPU
		{E5A4ABAC-D5E3-4FFA-808B-A60058C7AA37}.Debug|Any CPU.Deploy.0 = Debug|Any CPU
		{E5A4ABAC-D5E3-4FFA-808B-A60058C7AA37}.Release|Any CPU.ActiveCfg = Release|Any CPU
		{E5A4ABAC-D5E3-4FFA-808B-A60058C7AA37}.Release|Any CPU.Build.0 = Release|Any CPU
		{E5A4ABAC-D5E3-4FFA-808B-A60058C7AA37}.Release|Any CPU.Deploy.0 = Release|Any CPU
		{4AA8A523-6058-4227-B217-0BA4C48141A2}.Debug|Any CPU.ActiveCfg = Debug|Any CPU
		{4AA8A523-6058-4227-B217-0BA4C48141A2}.Debug|Any CPU.Build.0 = Debug|Any CPU
		{4AA8A523-6058-4227-B217-0BA4C48141A2}.Release|Any CPU.ActiveCfg = Release|Any CPU
		{4AA8A523-6058-4227-B217-0BA4C48141A2}.Release|Any CPU.Build.0 = Release|Any CPU
		{F25844CB-23FE-4C50-9DB6-269B1B264D18}.Debug|Any CPU.ActiveCfg = Debug|Any CPU
		{F25844CB-23FE-4C50-9DB6-269B1B264D18}.Debug|Any CPU.Build.0 = Debug|Any CPU
		{F25844CB-23FE-4C50-9DB6-269B1B264D18}.Release|Any CPU.ActiveCfg = Release|Any CPU
		{F25844CB-23FE-4C50-9DB6-269B1B264D18}.Release|Any CPU.Build.0 = Release|Any CPU
		{D6B57155-67E5-46CD-A0CF-8F838D3C8740}.Debug|Any CPU.ActiveCfg = Debug|Any CPU
		{D6B57155-67E5-46CD-A0CF-8F838D3C8740}.Debug|Any CPU.Build.0 = Debug|Any CPU
		{D6B57155-67E5-46CD-A0CF-8F838D3C8740}.Release|Any CPU.ActiveCfg = Release|Any CPU
		{D6B57155-67E5-46CD-A0CF-8F838D3C8740}.Release|Any CPU.Build.0 = Release|Any CPU
	EndGlobalSection
	GlobalSection(SolutionProperties) = preSolution
		HideSolutionNode = FALSE
	EndGlobalSection
	GlobalSection(ExtensibilityGlobals) = postSolution
		SolutionGuid = {23F51798-DA85-41D3-B755-668F80F31DBF}
	EndGlobalSection
EndGlobal
